
Microsoft Visual Studio Solution File, Format Version 12.00
# Visual Studio Version 16
VisualStudioVersion = 16.0.30330.147
MinimumVisualStudioVersion = 10.0.40219.1
Project("{FAE04EC0-301F-11D3-BF4B-00C04F79EFBC}") = "Example1", "Example1\Example1.csproj", "{48AA3DA3-B164-4E48-82C8-D5957CF3D746}"
EndProject
Project("{FAE04EC0-301F-11D3-BF4B-00C04F79EFBC}") = "Example1.Tests", "Example1.Tests\Example1.Tests.csproj", "{DAD81387-FD90-40A8-9BCD-1B0CC9AAE9EC}"
EndProject
Global
	GlobalSection(SolutionConfigurationPlatforms) = preSolution
		Debug|Any CPU = Debug|Any CPU
		Release|Any CPU = Release|Any CPU
	EndGlobalSection
	GlobalSection(ProjectConfigurationPlatforms) = postSolution
		{48AA3DA3-B164-4E48-82C8-D5957CF3D746}.Debug|Any CPU.ActiveCfg = Debug|Any CPU
		{48AA3DA3-B164-4E48-82C8-D5957CF3D746}.Debug|Any CPU.Build.0 = Debug|Any CPU
		{48AA3DA3-B164-4E48-82C8-D5957CF3D746}.Release|Any CPU.ActiveCfg = Release|Any CPU
		{48AA3DA3-B164-4E48-82C8-D5957CF3D746}.Release|Any CPU.Build.0 = Release|Any CPU
		{DAD81387-FD90-40A8-9BCD-1B0CC9AAE9EC}.Debug|Any CPU.ActiveCfg = Debug|Any CPU
		{DAD81387-FD90-40A8-9BCD-1B0CC9AAE9EC}.Debug|Any CPU.Build.0 = Debug|Any CPU
		{DAD81387-FD90-40A8-9BCD-1B0CC9AAE9EC}.Release|Any CPU.ActiveCfg = Release|Any CPU
		{DAD81387-FD90-40A8-9BCD-1B0CC9AAE9EC}.Release|Any CPU.Build.0 = Release|Any CPU
	EndGlobalSection
	GlobalSection(SolutionProperties) = preSolution
		HideSolutionNode = FALSE
	EndGlobalSection
	GlobalSection(ExtensibilityGlobals) = postSolution
		SolutionGuid = {CA22DD2A-26E9-46C0-B75B-310DDB90ABF9}
	EndGlobalSection
EndGlobal
